
Microsoft Visual Studio Solution File, Format Version 12.00
# Visual Studio Version 17
VisualStudioVersion = 17.4.33213.308
MinimumVisualStudioVersion = 10.0.40219.1
Project("{FAE04EC0-301F-11D3-BF4B-00C04F79EFBC}") = "SalesWebMVC", "SalesWebMVC\SalesWebMVC.csproj", "{EAC2A54A-943B-4B55-BC39-15C63D3C8F25}"
EndProject
Global
	GlobalSection(SolutionConfigurationPlatforms) = preSolution
		Debug|Any CPU = Debug|Any CPU
		Release|Any CPU = Release|Any CPU
	EndGlobalSection
	GlobalSection(ProjectConfigurationPlatforms) = postSolution
		{EAC2A54A-943B-4B55-BC39-15C63D3C8F25}.Debug|Any CPU.ActiveCfg = Debug|Any CPU
		{EAC2A54A-943B-4B55-BC39-15C63D3C8F25}.Debug|Any CPU.Build.0 = Debug|Any CPU
		{EAC2A54A-943B-4B55-BC39-15C63D3C8F25}.Release|Any CPU.ActiveCfg = Release|Any CPU
		{EAC2A54A-943B-4B55-BC39-15C63D3C8F25}.Release|Any CPU.Build.0 = Release|Any CPU
	EndGlobalSection
	GlobalSection(SolutionProperties) = preSolution
		HideSolutionNode = FALSE
	EndGlobalSection
	GlobalSection(ExtensibilityGlobals) = postSolution
		SolutionGuid = {12044E9C-53D2-48B7-AC81-DF258B3437AB}
	EndGlobalSection
EndGlobal
